
Microsoft Visual Studio Solution File, Format Version 12.00
# Visual Studio Version 17
VisualStudioVersion = 17.5.002.0
MinimumVisualStudioVersion = 10.0.40219.1
Project("{9A19103F-16F7-4668-BE54-9A1E7A4F7556}") = "OrbOfTheTidesMod", "OrbOfTheTidesMod.csproj", "{4B38D13D-D089-4425-8749-4A0419A9EBCD}"
EndProject
Global
	GlobalSection(SolutionConfigurationPlatforms) = preSolution
		Debug|Any CPU = Debug|Any CPU
		Release|Any CPU = Release|Any CPU
	EndGlobalSection
	GlobalSection(ProjectConfigurationPlatforms) = postSolution
		{4B38D13D-D089-4425-8749-4A0419A9EBCD}.Debug|Any CPU.ActiveCfg = Debug|Any CPU
		{4B38D13D-D089-4425-8749-4A0419A9EBCD}.Debug|Any CPU.Build.0 = Debug|Any CPU
		{4B38D13D-D089-4425-8749-4A0419A9EBCD}.Release|Any CPU.ActiveCfg = Release|Any CPU
		{4B38D13D-D089-4425-8749-4A0419A9EBCD}.Release|Any CPU.Build.0 = Release|Any CPU
	EndGlobalSection
	GlobalSection(SolutionProperties) = preSolution
		HideSolutionNode = FALSE
	EndGlobalSection
	GlobalSection(ExtensibilityGlobals) = postSolution
		SolutionGuid = {A07B0441-BC95-4911-ADCA-C555879BE315}
	EndGlobalSection
EndGlobal
